
Microsoft Visual Studio Solution File, Format Version 12.00
# Visual Studio Version 16
VisualStudioVersion = 16.0.30128.36
MinimumVisualStudioVersion = 15.0.26124.0
Project("{2150E333-8FDC-42A3-9474-1A3956D46DE8}") = "src", "src", "{CEC91D22-0825-4CCF-BF0E-13ED88FB6D6B}"
	ProjectSection(SolutionItems) = preProject
		src\Directory.Build.props = src\Directory.Build.props
	EndProjectSection
EndProject
Project("{9A19103F-16F7-4668-BE54-9A1E7A4F7556}") = "Xenial.Tasty", "src\Xenial.Tasty\Xenial.Tasty.csproj", "{AAE4D839-79DD-409E-A325-8FFB527AE1D1}"
EndProject
Project("{2150E333-8FDC-42A3-9474-1A3956D46DE8}") = "test", "test", "{D6FB3CE7-E596-41C6-A4ED-2717F10DD24F}"
	ProjectSection(SolutionItems) = preProject
		test\Directory.Build.props = test\Directory.Build.props
	EndProjectSection
EndProject
Project("{9A19103F-16F7-4668-BE54-9A1E7A4F7556}") = "Xenial.Tasty.Tests", "test\Xenial.Tasty.Tests\Xenial.Tasty.Tests.csproj", "{52299898-FC40-4A28-8345-25B83C41AAF2}"
EndProject
Project("{2150E333-8FDC-42A3-9474-1A3956D46DE8}") = "Solution Items", "Solution Items", "{C5943CDE-1E3A-40B6-A2BB-8603142229BF}"
	ProjectSection(SolutionItems) = preProject
		Directory.Build.props = Directory.Build.props
	EndProjectSection
EndProject
Project("{2150E333-8FDC-42A3-9474-1A3956D46DE8}") = "integration", "integration", "{976B9D7B-DDD7-4A52-B386-036BDB723765}"
	ProjectSection(SolutionItems) = preProject
		test\integration\Directory.Build.props = test\integration\Directory.Build.props
	EndProjectSection
EndProject
Project("{9A19103F-16F7-4668-BE54-9A1E7A4F7556}") = "Xenial.Tasty.ForcedTests", "test\integration\Xenial.Tasty.ForcedTests\Xenial.Tasty.ForcedTests.csproj", "{32DEC8DB-A8BF-47D3-8A93-64775B304559}"
EndProject
Project("{9A19103F-16F7-4668-BE54-9A1E7A4F7556}") = "Xenial.Tasty.CalculatorTests", "test\integration\Xenial.Tasty.CalculatorTests\Xenial.Tasty.CalculatorTests.csproj", "{0D89453A-6723-4EBA-A9A0-B79BF425677D}"
EndProject
Project("{9A19103F-16F7-4668-BE54-9A1E7A4F7556}") = "Xenial.Tasty.NestedDescribeTests", "test\integration\Xenial.Tasty.NestedDescribeTests\Xenial.Tasty.NestedDescribeTests.csproj", "{CDE3863D-A970-4FE9-8184-7D6564531A32}"
EndProject
Project("{FAE04EC0-301F-11D3-BF4B-00C04F79EFBC}") = "Xenial.Tasty.ReturnValueTests", "test\integration\Xenial.Tasty.ReturnValueTests\Xenial.Tasty.ReturnValueTests.csproj", "{7755B927-FFDF-47D2-A371-08D0009A22E1}"
EndProject
Project("{FAE04EC0-301F-11D3-BF4B-00C04F79EFBC}") = "Xenial.Tasty.DataDrivenTests", "test\integration\Xenial.Tasty.DataDrivenTests\Xenial.Tasty.DataDrivenTests.csproj", "{5A95BA7A-629D-48EE-988C-B75828BD8610}"
EndProject
Project("{FAE04EC0-301F-11D3-BF4B-00C04F79EFBC}") = "Xenial.Tasty.DeclarativeTests", "test\integration\Xenial.Tasty.DeclarativeTests\Xenial.Tasty.DeclarativeTests.csproj", "{00459DDC-F2A7-4BB0-BED6-82C24344F8D2}"
EndProject
Project("{FAE04EC0-301F-11D3-BF4B-00C04F79EFBC}") = "Xenial.Tasty.LifecycleNativeTests", "test\integration\Xenial.Tasty.LifecycleNativeTests\Xenial.Tasty.LifecycleNativeTests.csproj", "{C4B3F9E7-FA53-4427-93B7-34484BDA35A6}"
EndProject
Project("{FAE04EC0-301F-11D3-BF4B-00C04F79EFBC}") = "Xenial.Tasty.LifecycleTests", "test\integration\Xenial.Tasty.LifecycleTests\Xenial.Tasty.LifecycleTests.csproj", "{20C96098-F8A1-475B-9139-CEC7C1343FF4}"
EndProject
Project("{FAE04EC0-301F-11D3-BF4B-00C04F79EFBC}") = "Xenial.Tasty.ColorSchemeTests", "test\integration\Xenial.Tasty.ColorSchemeTests\Xenial.Tasty.ColorSchemeTests.csproj", "{82C1B08A-4312-429D-A888-078BB893A52E}"
EndProject
Global
	GlobalSection(SolutionConfigurationPlatforms) = preSolution
		Debug|Any CPU = Debug|Any CPU
		Debug|x64 = Debug|x64
		Debug|x86 = Debug|x86
		Release|Any CPU = Release|Any CPU
		Release|x64 = Release|x64
		Release|x86 = Release|x86
	EndGlobalSection
	GlobalSection(ProjectConfigurationPlatforms) = postSolution
		{AAE4D839-79DD-409E-A325-8FFB527AE1D1}.Debug|Any CPU.ActiveCfg = Debug|Any CPU
		{AAE4D839-79DD-409E-A325-8FFB527AE1D1}.Debug|Any CPU.Build.0 = Debug|Any CPU
		{AAE4D839-79DD-409E-A325-8FFB527AE1D1}.Debug|x64.ActiveCfg = Debug|Any CPU
		{AAE4D839-79DD-409E-A325-8FFB527AE1D1}.Debug|x64.Build.0 = Debug|Any CPU
		{AAE4D839-79DD-409E-A325-8FFB527AE1D1}.Debug|x86.ActiveCfg = Debug|Any CPU
		{AAE4D839-79DD-409E-A325-8FFB527AE1D1}.Debug|x86.Build.0 = Debug|Any CPU
		{AAE4D839-79DD-409E-A325-8FFB527AE1D1}.Release|Any CPU.ActiveCfg = Release|Any CPU
		{AAE4D839-79DD-409E-A325-8FFB527AE1D1}.Release|Any CPU.Build.0 = Release|Any CPU
		{AAE4D839-79DD-409E-A325-8FFB527AE1D1}.Release|x64.ActiveCfg = Release|Any CPU
		{AAE4D839-79DD-409E-A325-8FFB527AE1D1}.Release|x64.Build.0 = Release|Any CPU
		{AAE4D839-79DD-409E-A325-8FFB527AE1D1}.Release|x86.ActiveCfg = Release|Any CPU
		{AAE4D839-79DD-409E-A325-8FFB527AE1D1}.Release|x86.Build.0 = Release|Any CPU
		{52299898-FC40-4A28-8345-25B83C41AAF2}.Debug|Any CPU.ActiveCfg = Debug|Any CPU
		{52299898-FC40-4A28-8345-25B83C41AAF2}.Debug|Any CPU.Build.0 = Debug|Any CPU
		{52299898-FC40-4A28-8345-25B83C41AAF2}.Debug|x64.ActiveCfg = Debug|Any CPU
		{52299898-FC40-4A28-8345-25B83C41AAF2}.Debug|x64.Build.0 = Debug|Any CPU
		{52299898-FC40-4A28-8345-25B83C41AAF2}.Debug|x86.ActiveCfg = Debug|Any CPU
		{52299898-FC40-4A28-8345-25B83C41AAF2}.Debug|x86.Build.0 = Debug|Any CPU
		{52299898-FC40-4A28-8345-25B83C41AAF2}.Release|Any CPU.ActiveCfg = Release|Any CPU
		{52299898-FC40-4A28-8345-25B83C41AAF2}.Release|Any CPU.Build.0 = Release|Any CPU
		{52299898-FC40-4A28-8345-25B83C41AAF2}.Release|x64.ActiveCfg = Release|Any CPU
		{52299898-FC40-4A28-8345-25B83C41AAF2}.Release|x64.Build.0 = Release|Any CPU
		{52299898-FC40-4A28-8345-25B83C41AAF2}.Release|x86.ActiveCfg = Release|Any CPU
		{52299898-FC40-4A28-8345-25B83C41AAF2}.Release|x86.Build.0 = Release|Any CPU
		{32DEC8DB-A8BF-47D3-8A93-64775B304559}.Debug|Any CPU.ActiveCfg = Debug|Any CPU
		{32DEC8DB-A8BF-47D3-8A93-64775B304559}.Debug|Any CPU.Build.0 = Debug|Any CPU
		{32DEC8DB-A8BF-47D3-8A93-64775B304559}.Debug|x64.ActiveCfg = Debug|Any CPU
		{32DEC8DB-A8BF-47D3-8A93-64775B304559}.Debug|x64.Build.0 = Debug|Any CPU
		{32DEC8DB-A8BF-47D3-8A93-64775B304559}.Debug|x86.ActiveCfg = Debug|Any CPU
		{32DEC8DB-A8BF-47D3-8A93-64775B304559}.Debug|x86.Build.0 = Debug|Any CPU
		{32DEC8DB-A8BF-47D3-8A93-64775B304559}.Release|Any CPU.ActiveCfg = Release|Any CPU
		{32DEC8DB-A8BF-47D3-8A93-64775B304559}.Release|Any CPU.Build.0 = Release|Any CPU
		{32DEC8DB-A8BF-47D3-8A93-64775B304559}.Release|x64.ActiveCfg = Release|Any CPU
		{32DEC8DB-A8BF-47D3-8A93-64775B304559}.Release|x64.Build.0 = Release|Any CPU
		{32DEC8DB-A8BF-47D3-8A93-64775B304559}.Release|x86.ActiveCfg = Release|Any CPU
		{32DEC8DB-A8BF-47D3-8A93-64775B304559}.Release|x86.Build.0 = Release|Any CPU
		{0D89453A-6723-4EBA-A9A0-B79BF425677D}.Debug|Any CPU.ActiveCfg = Debug|Any CPU
		{0D89453A-6723-4EBA-A9A0-B79BF425677D}.Debug|Any CPU.Build.0 = Debug|Any CPU
		{0D89453A-6723-4EBA-A9A0-B79BF425677D}.Debug|x64.ActiveCfg = Debug|Any CPU
		{0D89453A-6723-4EBA-A9A0-B79BF425677D}.Debug|x64.Build.0 = Debug|Any CPU
		{0D89453A-6723-4EBA-A9A0-B79BF425677D}.Debug|x86.ActiveCfg = Debug|Any CPU
		{0D89453A-6723-4EBA-A9A0-B79BF425677D}.Debug|x86.Build.0 = Debug|Any CPU
		{0D89453A-6723-4EBA-A9A0-B79BF425677D}.Release|Any CPU.ActiveCfg = Release|Any CPU
		{0D89453A-6723-4EBA-A9A0-B79BF425677D}.Release|Any CPU.Build.0 = Release|Any CPU
		{0D89453A-6723-4EBA-A9A0-B79BF425677D}.Release|x64.ActiveCfg = Release|Any CPU
		{0D89453A-6723-4EBA-A9A0-B79BF425677D}.Release|x64.Build.0 = Release|Any CPU
		{0D89453A-6723-4EBA-A9A0-B79BF425677D}.Release|x86.ActiveCfg = Release|Any CPU
		{0D89453A-6723-4EBA-A9A0-B79BF425677D}.Release|x86.Build.0 = Release|Any CPU
		{CDE3863D-A970-4FE9-8184-7D6564531A32}.Debug|Any CPU.ActiveCfg = Debug|Any CPU
		{CDE3863D-A970-4FE9-8184-7D6564531A32}.Debug|Any CPU.Build.0 = Debug|Any CPU
		{CDE3863D-A970-4FE9-8184-7D6564531A32}.Debug|x64.ActiveCfg = Debug|Any CPU
		{CDE3863D-A970-4FE9-8184-7D6564531A32}.Debug|x64.Build.0 = Debug|Any CPU
		{CDE3863D-A970-4FE9-8184-7D6564531A32}.Debug|x86.ActiveCfg = Debug|Any CPU
		{CDE3863D-A970-4FE9-8184-7D6564531A32}.Debug|x86.Build.0 = Debug|Any CPU
		{CDE3863D-A970-4FE9-8184-7D6564531A32}.Release|Any CPU.ActiveCfg = Release|Any CPU
		{CDE3863D-A970-4FE9-8184-7D6564531A32}.Release|Any CPU.Build.0 = Release|Any CPU
		{CDE3863D-A970-4FE9-8184-7D6564531A32}.Release|x64.ActiveCfg = Release|Any CPU
		{CDE3863D-A970-4FE9-8184-7D6564531A32}.Release|x64.Build.0 = Release|Any CPU
		{CDE3863D-A970-4FE9-8184-7D6564531A32}.Release|x86.ActiveCfg = Release|Any CPU
		{CDE3863D-A970-4FE9-8184-7D6564531A32}.Release|x86.Build.0 = Release|Any CPU
		{7755B927-FFDF-47D2-A371-08D0009A22E1}.Debug|Any CPU.ActiveCfg = Debug|Any CPU
		{7755B927-FFDF-47D2-A371-08D0009A22E1}.Debug|Any CPU.Build.0 = Debug|Any CPU
		{7755B927-FFDF-47D2-A371-08D0009A22E1}.Debug|x64.ActiveCfg = Debug|Any CPU
		{7755B927-FFDF-47D2-A371-08D0009A22E1}.Debug|x64.Build.0 = Debug|Any CPU
		{7755B927-FFDF-47D2-A371-08D0009A22E1}.Debug|x86.ActiveCfg = Debug|Any CPU
		{7755B927-FFDF-47D2-A371-08D0009A22E1}.Debug|x86.Build.0 = Debug|Any CPU
		{7755B927-FFDF-47D2-A371-08D0009A22E1}.Release|Any CPU.ActiveCfg = Release|Any CPU
		{7755B927-FFDF-47D2-A371-08D0009A22E1}.Release|Any CPU.Build.0 = Release|Any CPU
		{7755B927-FFDF-47D2-A371-08D0009A22E1}.Release|x64.ActiveCfg = Release|Any CPU
		{7755B927-FFDF-47D2-A371-08D0009A22E1}.Release|x64.Build.0 = Release|Any CPU
		{7755B927-FFDF-47D2-A371-08D0009A22E1}.Release|x86.ActiveCfg = Release|Any CPU
		{7755B927-FFDF-47D2-A371-08D0009A22E1}.Release|x86.Build.0 = Release|Any CPU
		{5A95BA7A-629D-48EE-988C-B75828BD8610}.Debug|Any CPU.ActiveCfg = Debug|Any CPU
		{5A95BA7A-629D-48EE-988C-B75828BD8610}.Debug|Any CPU.Build.0 = Debug|Any CPU
		{5A95BA7A-629D-48EE-988C-B75828BD8610}.Debug|x64.ActiveCfg = Debug|Any CPU
		{5A95BA7A-629D-48EE-988C-B75828BD8610}.Debug|x64.Build.0 = Debug|Any CPU
		{5A95BA7A-629D-48EE-988C-B75828BD8610}.Debug|x86.ActiveCfg = Debug|Any CPU
		{5A95BA7A-629D-48EE-988C-B75828BD8610}.Debug|x86.Build.0 = Debug|Any CPU
		{5A95BA7A-629D-48EE-988C-B75828BD8610}.Release|Any CPU.ActiveCfg = Release|Any CPU
		{5A95BA7A-629D-48EE-988C-B75828BD8610}.Release|Any CPU.Build.0 = Release|Any CPU
		{5A95BA7A-629D-48EE-988C-B75828BD8610}.Release|x64.ActiveCfg = Release|Any CPU
		{5A95BA7A-629D-48EE-988C-B75828BD8610}.Release|x64.Build.0 = Release|Any CPU
		{5A95BA7A-629D-48EE-988C-B75828BD8610}.Release|x86.ActiveCfg = Release|Any CPU
		{5A95BA7A-629D-48EE-988C-B75828BD8610}.Release|x86.Build.0 = Release|Any CPU
		{00459DDC-F2A7-4BB0-BED6-82C24344F8D2}.Debug|Any CPU.ActiveCfg = Debug|Any CPU
		{00459DDC-F2A7-4BB0-BED6-82C24344F8D2}.Debug|Any CPU.Build.0 = Debug|Any CPU
		{00459DDC-F2A7-4BB0-BED6-82C24344F8D2}.Debug|x64.ActiveCfg = Debug|Any CPU
		{00459DDC-F2A7-4BB0-BED6-82C24344F8D2}.Debug|x64.Build.0 = Debug|Any CPU
		{00459DDC-F2A7-4BB0-BED6-82C24344F8D2}.Debug|x86.ActiveCfg = Debug|Any CPU
		{00459DDC-F2A7-4BB0-BED6-82C24344F8D2}.Debug|x86.Build.0 = Debug|Any CPU
		{00459DDC-F2A7-4BB0-BED6-82C24344F8D2}.Release|Any CPU.ActiveCfg = Release|Any CPU
		{00459DDC-F2A7-4BB0-BED6-82C24344F8D2}.Release|Any CPU.Build.0 = Release|Any CPU
		{00459DDC-F2A7-4BB0-BED6-82C24344F8D2}.Release|x64.ActiveCfg = Release|Any CPU
		{00459DDC-F2A7-4BB0-BED6-82C24344F8D2}.Release|x64.Build.0 = Release|Any CPU
		{00459DDC-F2A7-4BB0-BED6-82C24344F8D2}.Release|x86.ActiveCfg = Release|Any CPU
		{00459DDC-F2A7-4BB0-BED6-82C24344F8D2}.Release|x86.Build.0 = Release|Any CPU
		{C4B3F9E7-FA53-4427-93B7-34484BDA35A6}.Debug|Any CPU.ActiveCfg = Debug|Any CPU
		{C4B3F9E7-FA53-4427-93B7-34484BDA35A6}.Debug|Any CPU.Build.0 = Debug|Any CPU
		{C4B3F9E7-FA53-4427-93B7-34484BDA35A6}.Debug|x64.ActiveCfg = Debug|Any CPU
		{C4B3F9E7-FA53-4427-93B7-34484BDA35A6}.Debug|x64.Build.0 = Debug|Any CPU
		{C4B3F9E7-FA53-4427-93B7-34484BDA35A6}.Debug|x86.ActiveCfg = Debug|Any CPU
		{C4B3F9E7-FA53-4427-93B7-34484BDA35A6}.Debug|x86.Build.0 = Debug|Any CPU
		{C4B3F9E7-FA53-4427-93B7-34484BDA35A6}.Release|Any CPU.ActiveCfg = Release|Any CPU
		{C4B3F9E7-FA53-4427-93B7-34484BDA35A6}.Release|Any CPU.Build.0 = Release|Any CPU
		{C4B3F9E7-FA53-4427-93B7-34484BDA35A6}.Release|x64.ActiveCfg = Release|Any CPU
		{C4B3F9E7-FA53-4427-93B7-34484BDA35A6}.Release|x64.Build.0 = Release|Any CPU
		{C4B3F9E7-FA53-4427-93B7-34484BDA35A6}.Release|x86.ActiveCfg = Release|Any CPU
		{C4B3F9E7-FA53-4427-93B7-34484BDA35A6}.Release|x86.Build.0 = Release|Any CPU
		{20C96098-F8A1-475B-9139-CEC7C1343FF4}.Debug|Any CPU.ActiveCfg = Debug|Any CPU
		{20C96098-F8A1-475B-9139-CEC7C1343FF4}.Debug|Any CPU.Build.0 = Debug|Any CPU
		{20C96098-F8A1-475B-9139-CEC7C1343FF4}.Debug|x64.ActiveCfg = Debug|Any CPU
		{20C96098-F8A1-475B-9139-CEC7C1343FF4}.Debug|x64.Build.0 = Debug|Any CPU
		{20C96098-F8A1-475B-9139-CEC7C1343FF4}.Debug|x86.ActiveCfg = Debug|Any CPU
		{20C96098-F8A1-475B-9139-CEC7C1343FF4}.Debug|x86.Build.0 = Debug|Any CPU
		{20C96098-F8A1-475B-9139-CEC7C1343FF4}.Release|Any CPU.ActiveCfg = Release|Any CPU
		{20C96098-F8A1-475B-9139-CEC7C1343FF4}.Release|Any CPU.Build.0 = Release|Any CPU
		{20C96098-F8A1-475B-9139-CEC7C1343FF4}.Release|x64.ActiveCfg = Release|Any CPU
		{20C96098-F8A1-475B-9139-CEC7C1343FF4}.Release|x64.Build.0 = Release|Any CPU
		{20C96098-F8A1-475B-9139-CEC7C1343FF4}.Release|x86.ActiveCfg = Release|Any CPU
		{20C96098-F8A1-475B-9139-CEC7C1343FF4}.Release|x86.Build.0 = Release|Any CPU
		{82C1B08A-4312-429D-A888-078BB893A52E}.Debug|Any CPU.ActiveCfg = Debug|Any CPU
		{82C1B08A-4312-429D-A888-078BB893A52E}.Debug|Any CPU.Build.0 = Debug|Any CPU
		{82C1B08A-4312-429D-A888-078BB893A52E}.Debug|x64.ActiveCfg = Debug|Any CPU
		{82C1B08A-4312-429D-A888-078BB893A52E}.Debug|x64.Build.0 = Debug|Any CPU
		{82C1B08A-4312-429D-A888-078BB893A52E}.Debug|x86.ActiveCfg = Debug|Any CPU
		{82C1B08A-4312-429D-A888-078BB893A52E}.Debug|x86.Build.0 = Debug|Any CPU
		{82C1B08A-4312-429D-A888-078BB893A52E}.Release|Any CPU.ActiveCfg = Release|Any CPU
		{82C1B08A-4312-429D-A888-078BB893A52E}.Release|Any CPU.Build.0 = Release|Any CPU
		{82C1B08A-4312-429D-A888-078BB893A52E}.Release|x64.ActiveCfg = Release|Any CPU
		{82C1B08A-4312-429D-A888-078BB893A52E}.Release|x64.Build.0 = Release|Any CPU
		{82C1B08A-4312-429D-A888-078BB893A52E}.Release|x86.ActiveCfg = Release|Any CPU
		{82C1B08A-4312-429D-A888-078BB893A52E}.Release|x86.Build.0 = Release|Any CPU
	EndGlobalSection
	GlobalSection(SolutionProperties) = preSolution
		HideSolutionNode = FALSE
	EndGlobalSection
	GlobalSection(NestedProjects) = preSolution
		{AAE4D839-79DD-409E-A325-8FFB527AE1D1} = {CEC91D22-0825-4CCF-BF0E-13ED88FB6D6B}
		{52299898-FC40-4A28-8345-25B83C41AAF2} = {D6FB3CE7-E596-41C6-A4ED-2717F10DD24F}
		{976B9D7B-DDD7-4A52-B386-036BDB723765} = {D6FB3CE7-E596-41C6-A4ED-2717F10DD24F}
		{32DEC8DB-A8BF-47D3-8A93-64775B304559} = {976B9D7B-DDD7-4A52-B386-036BDB723765}
		{0D89453A-6723-4EBA-A9A0-B79BF425677D} = {976B9D7B-DDD7-4A52-B386-036BDB723765}
		{CDE3863D-A970-4FE9-8184-7D6564531A32} = {976B9D7B-DDD7-4A52-B386-036BDB723765}
		{7755B927-FFDF-47D2-A371-08D0009A22E1} = {976B9D7B-DDD7-4A52-B386-036BDB723765}
		{5A95BA7A-629D-48EE-988C-B75828BD8610} = {976B9D7B-DDD7-4A52-B386-036BDB723765}
		{00459DDC-F2A7-4BB0-BED6-82C24344F8D2} = {976B9D7B-DDD7-4A52-B386-036BDB723765}
		{C4B3F9E7-FA53-4427-93B7-34484BDA35A6} = {976B9D7B-DDD7-4A52-B386-036BDB723765}
		{20C96098-F8A1-475B-9139-CEC7C1343FF4} = {976B9D7B-DDD7-4A52-B386-036BDB723765}
		{82C1B08A-4312-429D-A888-078BB893A52E} = {976B9D7B-DDD7-4A52-B386-036BDB723765}
	EndGlobalSection
	GlobalSection(ExtensibilityGlobals) = postSolution
		SolutionGuid = {4D25470F-FCE8-4F98-A5B0-BE1C68CFEE7D}
	EndGlobalSection
EndGlobal
