
Microsoft Visual Studio Solution File, Format Version 12.00
# Visual Studio Version 16
VisualStudioVersion = 16.0.30128.36
MinimumVisualStudioVersion = 15.0.26124.0
Project("{2150E333-8FDC-42A3-9474-1A3956D46DE8}") = "src", "src", "{CEC91D22-0825-4CCF-BF0E-13ED88FB6D6B}"
	ProjectSection(SolutionItems) = preProject
		src\Directory.Build.props = src\Directory.Build.props
	EndProjectSection
EndProject
Project("{9A19103F-16F7-4668-BE54-9A1E7A4F7556}") = "Xenial.Tasty", "src\Xenial.Tasty\Xenial.Tasty.csproj", "{AAE4D839-79DD-409E-A325-8FFB527AE1D1}"
EndProject
Project("{2150E333-8FDC-42A3-9474-1A3956D46DE8}") = "test", "test", "{D6FB3CE7-E596-41C6-A4ED-2717F10DD24F}"
	ProjectSection(SolutionItems) = preProject
		test\.editorconfig = test\.editorconfig
		test\Directory.Build.props = test\Directory.Build.props
	EndProjectSection
EndProject
Project("{9A19103F-16F7-4668-BE54-9A1E7A4F7556}") = "Xenial.Tasty.Tests", "test\Xenial.Tasty.Tests\Xenial.Tasty.Tests.csproj", "{52299898-FC40-4A28-8345-25B83C41AAF2}"
EndProject
Project("{2150E333-8FDC-42A3-9474-1A3956D46DE8}") = "Solution Items", "Solution Items", "{C5943CDE-1E3A-40B6-A2BB-8603142229BF}"
	ProjectSection(SolutionItems) = preProject
		.editorconfig = .editorconfig
		CodeFormatting.ruleset = CodeFormatting.ruleset
		Directory.Build.props = Directory.Build.props
	EndProjectSection
EndProject
Project("{2150E333-8FDC-42A3-9474-1A3956D46DE8}") = "integration", "integration", "{976B9D7B-DDD7-4A52-B386-036BDB723765}"
	ProjectSection(SolutionItems) = preProject
		test\integration\Directory.Build.props = test\integration\Directory.Build.props
	EndProjectSection
EndProject
Project("{9A19103F-16F7-4668-BE54-9A1E7A4F7556}") = "Xenial.Tasty.ForcedTests", "test\integration\Xenial.Tasty.ForcedTests\Xenial.Tasty.ForcedTests.csproj", "{32DEC8DB-A8BF-47D3-8A93-64775B304559}"
EndProject
Project("{9A19103F-16F7-4668-BE54-9A1E7A4F7556}") = "Xenial.Tasty.CalculatorTests", "test\integration\Xenial.Tasty.CalculatorTests\Xenial.Tasty.CalculatorTests.csproj", "{0D89453A-6723-4EBA-A9A0-B79BF425677D}"
EndProject
Project("{9A19103F-16F7-4668-BE54-9A1E7A4F7556}") = "Xenial.Tasty.NestedDescribeTests", "test\integration\Xenial.Tasty.NestedDescribeTests\Xenial.Tasty.NestedDescribeTests.csproj", "{CDE3863D-A970-4FE9-8184-7D6564531A32}"
EndProject
Project("{9A19103F-16F7-4668-BE54-9A1E7A4F7556}") = "Xenial.Tasty.ReturnValueTests", "test\integration\Xenial.Tasty.ReturnValueTests\Xenial.Tasty.ReturnValueTests.csproj", "{7755B927-FFDF-47D2-A371-08D0009A22E1}"
EndProject
Project("{9A19103F-16F7-4668-BE54-9A1E7A4F7556}") = "Xenial.Tasty.DataDrivenTests", "test\integration\Xenial.Tasty.DataDrivenTests\Xenial.Tasty.DataDrivenTests.csproj", "{5A95BA7A-629D-48EE-988C-B75828BD8610}"
EndProject
Project("{9A19103F-16F7-4668-BE54-9A1E7A4F7556}") = "Xenial.Tasty.DeclarativeTests", "test\integration\Xenial.Tasty.DeclarativeTests\Xenial.Tasty.DeclarativeTests.csproj", "{00459DDC-F2A7-4BB0-BED6-82C24344F8D2}"
EndProject
Project("{9A19103F-16F7-4668-BE54-9A1E7A4F7556}") = "Xenial.Tasty.LifecycleNativeTests", "test\integration\Xenial.Tasty.LifecycleNativeTests\Xenial.Tasty.LifecycleNativeTests.csproj", "{C4B3F9E7-FA53-4427-93B7-34484BDA35A6}"
EndProject
Project("{9A19103F-16F7-4668-BE54-9A1E7A4F7556}") = "Xenial.Tasty.LifecycleTests", "test\integration\Xenial.Tasty.LifecycleTests\Xenial.Tasty.LifecycleTests.csproj", "{20C96098-F8A1-475B-9139-CEC7C1343FF4}"
EndProject
Project("{9A19103F-16F7-4668-BE54-9A1E7A4F7556}") = "Xenial.Tasty.ColorSchemeTests", "test\integration\Xenial.Tasty.ColorSchemeTests\Xenial.Tasty.ColorSchemeTests.csproj", "{82C1B08A-4312-429D-A888-078BB893A52E}"
EndProject
Project("{2150E333-8FDC-42A3-9474-1A3956D46DE8}") = "demos", "demos", "{9CAF2D6C-1E62-4F98-844F-07EFAAEEC5F4}"
	ProjectSection(SolutionItems) = preProject
		demos\.editorconfig = demos\.editorconfig
		demos\Directory.Build.props = demos\Directory.Build.props
	EndProjectSection
EndProject
Project("{9A19103F-16F7-4668-BE54-9A1E7A4F7556}") = "AsyncTastyTests", "demos\AsyncTastyTests\AsyncTastyTests.csproj", "{1014E1FE-30A6-4E5F-AB61-027171BCA5B2}"
EndProject
Project("{9A19103F-16F7-4668-BE54-9A1E7A4F7556}") = "MyFirstTastyTests", "demos\MyFirstTastyTests\MyFirstTastyTests.csproj", "{50235BD6-5EFF-43EE-A405-0869FE898174}"
EndProject
Project("{9A19103F-16F7-4668-BE54-9A1E7A4F7556}") = "TestGroupTests", "demos\TestGroupTests\TestGroupTests.csproj", "{849D72DB-8A7F-4504-A447-742BD40825F2}"
EndProject
Project("{9A19103F-16F7-4668-BE54-9A1E7A4F7556}") = "NativeSetupTests", "demos\NativeSetupTests\NativeSetupTests.csproj", "{CFBA56A1-2B77-4E33-AFBA-54DD9B1BA98B}"
EndProject
Project("{9A19103F-16F7-4668-BE54-9A1E7A4F7556}") = "SetupTests", "demos\SetupTests\SetupTests.csproj", "{316CF6A7-A0BB-479D-A656-71F5EE22C7C8}"
EndProject
Project("{9A19103F-16F7-4668-BE54-9A1E7A4F7556}") = "SetupScopeTests", "demos\SetupScopeTests\SetupScopeTests.csproj", "{C638F06C-C489-42B4-8F8C-54B864F11F0C}"
EndProject
Project("{9A19103F-16F7-4668-BE54-9A1E7A4F7556}") = "FocusedTests", "demos\FocusedTests\FocusedTests.csproj", "{11728621-44B4-4FAA-985B-147F12CA5E48}"
EndProject
Project("{9A19103F-16F7-4668-BE54-9A1E7A4F7556}") = "ReturnCodes", "demos\ReturnCodes\ReturnCodes.csproj", "{6C847135-CA1C-4973-B791-4F51DA4B88BB}"
EndProject
Project("{9A19103F-16F7-4668-BE54-9A1E7A4F7556}") = "DataDrivenTests", "demos\DataDrivenTests\DataDrivenTests.csproj", "{38A00997-F6C6-4D98-B842-3FC19E999B13}"
EndProject
Project("{9A19103F-16F7-4668-BE54-9A1E7A4F7556}") = "OrganizingTests", "demos\OrganizingTests\OrganizingTests.csproj", "{E480FD02-8D84-4950-BBCC-5E20893B4037}"
EndProject
Project("{9A19103F-16F7-4668-BE54-9A1E7A4F7556}") = "OrganizingWithReflectionTests", "demos\OrganizingWithReflectionTests\OrganizingWithReflectionTests.csproj", "{AC77FD21-B4F1-4BCC-8524-217CC96D2C7B}"
EndProject
Project("{9A19103F-16F7-4668-BE54-9A1E7A4F7556}") = "Xenial.Tasty.Cli", "src\Xenial.Tasty.Cli\Xenial.Tasty.Cli.csproj", "{F9A31E0C-1C93-4464-969B-3052E0686EAA}"
EndProject
Project("{2150E333-8FDC-42A3-9474-1A3956D46DE8}") = "ext", "ext", "{55AA44C1-3863-4DA9-A6C5-F20C126E7428}"
	ProjectSection(SolutionItems) = preProject
		ext\Directory.Build.props = ext\Directory.Build.props
	EndProjectSection
EndProject
Project("{2150E333-8FDC-42A3-9474-1A3956D46DE8}") = "gui.cs", "gui.cs", "{B7A10ABF-1935-438D-B7C9-5E298FC727B8}"
EndProject
Project("{9A19103F-16F7-4668-BE54-9A1E7A4F7556}") = "Terminal.Gui", "ext\gui.cs\Terminal.Gui\Terminal.Gui.csproj", "{C9812129-852C-4A84-95CC-73EF4C2A7A3B}"
EndProject
Project("{9A19103F-16F7-4668-BE54-9A1E7A4F7556}") = "Xenial.Tasty.Reporters.Console", "src\Xenial.Tasty.Reporters.Console\Xenial.Tasty.Reporters.Console.csproj", "{669A2580-59C0-4596-8FDE-E1AA4F71AFDB}"
EndProject
Project("{9A19103F-16F7-4668-BE54-9A1E7A4F7556}") = "Xenial.Tasty.Reporters.Nyan", "src\Xenial.Tasty.Reporters.Nyan\Xenial.Tasty.Reporters.Nyan.csproj", "{F167B74C-19D5-4439-B3B4-BA2054D416B7}"
EndProject
Project("{9A19103F-16F7-4668-BE54-9A1E7A4F7556}") = "Xenial.Tasty.Core", "src\Xenial.Tasty.Core\Xenial.Tasty.Core.csproj", "{6245C1AB-C89F-46D9-B36A-727FDB983347}"
EndProject
Project("{FAE04EC0-301F-11D3-BF4B-00C04F79EFBC}") = "Xenial.Tasty.Reporters.Remote", "src\Xenial.Tasty.Reporters.Remote\Xenial.Tasty.Reporters.Remote.csproj", "{26C02A5B-0340-4632-8789-9DC7AD1867CF}"
EndProject
Project("{FAE04EC0-301F-11D3-BF4B-00C04F79EFBC}") = "Xenial.Tasty.Transports.NamedPipes", "src\Xenial.Tasty.Transports.NamedPipes\Xenial.Tasty.Transports.NamedPipes.csproj", "{CDB88A6A-07FF-4DB9-A4D3-A5092C77269B}"
EndProject
Project("{FAE04EC0-301F-11D3-BF4B-00C04F79EFBC}") = "Xenial.Tasty.Transports.InMemory", "src\Xenial.Tasty.Transports.InMemory\Xenial.Tasty.Transports.InMemory.csproj", "{9553529B-9632-4095-BC0D-66DB93370DE0}"
EndProject
Global
	GlobalSection(SolutionConfigurationPlatforms) = preSolution
		Debug|Any CPU = Debug|Any CPU
		Debug|x64 = Debug|x64
		Debug|x86 = Debug|x86
		Release|Any CPU = Release|Any CPU
		Release|x64 = Release|x64
		Release|x86 = Release|x86
	EndGlobalSection
	GlobalSection(ProjectConfigurationPlatforms) = postSolution
		{AAE4D839-79DD-409E-A325-8FFB527AE1D1}.Debug|Any CPU.ActiveCfg = Debug|Any CPU
		{AAE4D839-79DD-409E-A325-8FFB527AE1D1}.Debug|Any CPU.Build.0 = Debug|Any CPU
		{AAE4D839-79DD-409E-A325-8FFB527AE1D1}.Debug|x64.ActiveCfg = Debug|Any CPU
		{AAE4D839-79DD-409E-A325-8FFB527AE1D1}.Debug|x64.Build.0 = Debug|Any CPU
		{AAE4D839-79DD-409E-A325-8FFB527AE1D1}.Debug|x86.ActiveCfg = Debug|Any CPU
		{AAE4D839-79DD-409E-A325-8FFB527AE1D1}.Debug|x86.Build.0 = Debug|Any CPU
		{AAE4D839-79DD-409E-A325-8FFB527AE1D1}.Release|Any CPU.ActiveCfg = Release|Any CPU
		{AAE4D839-79DD-409E-A325-8FFB527AE1D1}.Release|Any CPU.Build.0 = Release|Any CPU
		{AAE4D839-79DD-409E-A325-8FFB527AE1D1}.Release|x64.ActiveCfg = Release|Any CPU
		{AAE4D839-79DD-409E-A325-8FFB527AE1D1}.Release|x64.Build.0 = Release|Any CPU
		{AAE4D839-79DD-409E-A325-8FFB527AE1D1}.Release|x86.ActiveCfg = Release|Any CPU
		{AAE4D839-79DD-409E-A325-8FFB527AE1D1}.Release|x86.Build.0 = Release|Any CPU
		{52299898-FC40-4A28-8345-25B83C41AAF2}.Debug|Any CPU.ActiveCfg = Debug|Any CPU
		{52299898-FC40-4A28-8345-25B83C41AAF2}.Debug|Any CPU.Build.0 = Debug|Any CPU
		{52299898-FC40-4A28-8345-25B83C41AAF2}.Debug|x64.ActiveCfg = Debug|Any CPU
		{52299898-FC40-4A28-8345-25B83C41AAF2}.Debug|x64.Build.0 = Debug|Any CPU
		{52299898-FC40-4A28-8345-25B83C41AAF2}.Debug|x86.ActiveCfg = Debug|Any CPU
		{52299898-FC40-4A28-8345-25B83C41AAF2}.Debug|x86.Build.0 = Debug|Any CPU
		{52299898-FC40-4A28-8345-25B83C41AAF2}.Release|Any CPU.ActiveCfg = Release|Any CPU
		{52299898-FC40-4A28-8345-25B83C41AAF2}.Release|Any CPU.Build.0 = Release|Any CPU
		{52299898-FC40-4A28-8345-25B83C41AAF2}.Release|x64.ActiveCfg = Release|Any CPU
		{52299898-FC40-4A28-8345-25B83C41AAF2}.Release|x64.Build.0 = Release|Any CPU
		{52299898-FC40-4A28-8345-25B83C41AAF2}.Release|x86.ActiveCfg = Release|Any CPU
		{52299898-FC40-4A28-8345-25B83C41AAF2}.Release|x86.Build.0 = Release|Any CPU
		{32DEC8DB-A8BF-47D3-8A93-64775B304559}.Debug|Any CPU.ActiveCfg = Debug|Any CPU
		{32DEC8DB-A8BF-47D3-8A93-64775B304559}.Debug|Any CPU.Build.0 = Debug|Any CPU
		{32DEC8DB-A8BF-47D3-8A93-64775B304559}.Debug|x64.ActiveCfg = Debug|Any CPU
		{32DEC8DB-A8BF-47D3-8A93-64775B304559}.Debug|x64.Build.0 = Debug|Any CPU
		{32DEC8DB-A8BF-47D3-8A93-64775B304559}.Debug|x86.ActiveCfg = Debug|Any CPU
		{32DEC8DB-A8BF-47D3-8A93-64775B304559}.Debug|x86.Build.0 = Debug|Any CPU
		{32DEC8DB-A8BF-47D3-8A93-64775B304559}.Release|Any CPU.ActiveCfg = Release|Any CPU
		{32DEC8DB-A8BF-47D3-8A93-64775B304559}.Release|Any CPU.Build.0 = Release|Any CPU
		{32DEC8DB-A8BF-47D3-8A93-64775B304559}.Release|x64.ActiveCfg = Release|Any CPU
		{32DEC8DB-A8BF-47D3-8A93-64775B304559}.Release|x64.Build.0 = Release|Any CPU
		{32DEC8DB-A8BF-47D3-8A93-64775B304559}.Release|x86.ActiveCfg = Release|Any CPU
		{32DEC8DB-A8BF-47D3-8A93-64775B304559}.Release|x86.Build.0 = Release|Any CPU
		{0D89453A-6723-4EBA-A9A0-B79BF425677D}.Debug|Any CPU.ActiveCfg = Debug|Any CPU
		{0D89453A-6723-4EBA-A9A0-B79BF425677D}.Debug|Any CPU.Build.0 = Debug|Any CPU
		{0D89453A-6723-4EBA-A9A0-B79BF425677D}.Debug|x64.ActiveCfg = Debug|Any CPU
		{0D89453A-6723-4EBA-A9A0-B79BF425677D}.Debug|x64.Build.0 = Debug|Any CPU
		{0D89453A-6723-4EBA-A9A0-B79BF425677D}.Debug|x86.ActiveCfg = Debug|Any CPU
		{0D89453A-6723-4EBA-A9A0-B79BF425677D}.Debug|x86.Build.0 = Debug|Any CPU
		{0D89453A-6723-4EBA-A9A0-B79BF425677D}.Release|Any CPU.ActiveCfg = Release|Any CPU
		{0D89453A-6723-4EBA-A9A0-B79BF425677D}.Release|Any CPU.Build.0 = Release|Any CPU
		{0D89453A-6723-4EBA-A9A0-B79BF425677D}.Release|x64.ActiveCfg = Release|Any CPU
		{0D89453A-6723-4EBA-A9A0-B79BF425677D}.Release|x64.Build.0 = Release|Any CPU
		{0D89453A-6723-4EBA-A9A0-B79BF425677D}.Release|x86.ActiveCfg = Release|Any CPU
		{0D89453A-6723-4EBA-A9A0-B79BF425677D}.Release|x86.Build.0 = Release|Any CPU
		{CDE3863D-A970-4FE9-8184-7D6564531A32}.Debug|Any CPU.ActiveCfg = Debug|Any CPU
		{CDE3863D-A970-4FE9-8184-7D6564531A32}.Debug|Any CPU.Build.0 = Debug|Any CPU
		{CDE3863D-A970-4FE9-8184-7D6564531A32}.Debug|x64.ActiveCfg = Debug|Any CPU
		{CDE3863D-A970-4FE9-8184-7D6564531A32}.Debug|x64.Build.0 = Debug|Any CPU
		{CDE3863D-A970-4FE9-8184-7D6564531A32}.Debug|x86.ActiveCfg = Debug|Any CPU
		{CDE3863D-A970-4FE9-8184-7D6564531A32}.Debug|x86.Build.0 = Debug|Any CPU
		{CDE3863D-A970-4FE9-8184-7D6564531A32}.Release|Any CPU.ActiveCfg = Release|Any CPU
		{CDE3863D-A970-4FE9-8184-7D6564531A32}.Release|Any CPU.Build.0 = Release|Any CPU
		{CDE3863D-A970-4FE9-8184-7D6564531A32}.Release|x64.ActiveCfg = Release|Any CPU
		{CDE3863D-A970-4FE9-8184-7D6564531A32}.Release|x64.Build.0 = Release|Any CPU
		{CDE3863D-A970-4FE9-8184-7D6564531A32}.Release|x86.ActiveCfg = Release|Any CPU
		{CDE3863D-A970-4FE9-8184-7D6564531A32}.Release|x86.Build.0 = Release|Any CPU
		{7755B927-FFDF-47D2-A371-08D0009A22E1}.Debug|Any CPU.ActiveCfg = Debug|Any CPU
		{7755B927-FFDF-47D2-A371-08D0009A22E1}.Debug|Any CPU.Build.0 = Debug|Any CPU
		{7755B927-FFDF-47D2-A371-08D0009A22E1}.Debug|x64.ActiveCfg = Debug|Any CPU
		{7755B927-FFDF-47D2-A371-08D0009A22E1}.Debug|x64.Build.0 = Debug|Any CPU
		{7755B927-FFDF-47D2-A371-08D0009A22E1}.Debug|x86.ActiveCfg = Debug|Any CPU
		{7755B927-FFDF-47D2-A371-08D0009A22E1}.Debug|x86.Build.0 = Debug|Any CPU
		{7755B927-FFDF-47D2-A371-08D0009A22E1}.Release|Any CPU.ActiveCfg = Release|Any CPU
		{7755B927-FFDF-47D2-A371-08D0009A22E1}.Release|Any CPU.Build.0 = Release|Any CPU
		{7755B927-FFDF-47D2-A371-08D0009A22E1}.Release|x64.ActiveCfg = Release|Any CPU
		{7755B927-FFDF-47D2-A371-08D0009A22E1}.Release|x64.Build.0 = Release|Any CPU
		{7755B927-FFDF-47D2-A371-08D0009A22E1}.Release|x86.ActiveCfg = Release|Any CPU
		{7755B927-FFDF-47D2-A371-08D0009A22E1}.Release|x86.Build.0 = Release|Any CPU
		{5A95BA7A-629D-48EE-988C-B75828BD8610}.Debug|Any CPU.ActiveCfg = Debug|Any CPU
		{5A95BA7A-629D-48EE-988C-B75828BD8610}.Debug|Any CPU.Build.0 = Debug|Any CPU
		{5A95BA7A-629D-48EE-988C-B75828BD8610}.Debug|x64.ActiveCfg = Debug|Any CPU
		{5A95BA7A-629D-48EE-988C-B75828BD8610}.Debug|x64.Build.0 = Debug|Any CPU
		{5A95BA7A-629D-48EE-988C-B75828BD8610}.Debug|x86.ActiveCfg = Debug|Any CPU
		{5A95BA7A-629D-48EE-988C-B75828BD8610}.Debug|x86.Build.0 = Debug|Any CPU
		{5A95BA7A-629D-48EE-988C-B75828BD8610}.Release|Any CPU.ActiveCfg = Release|Any CPU
		{5A95BA7A-629D-48EE-988C-B75828BD8610}.Release|Any CPU.Build.0 = Release|Any CPU
		{5A95BA7A-629D-48EE-988C-B75828BD8610}.Release|x64.ActiveCfg = Release|Any CPU
		{5A95BA7A-629D-48EE-988C-B75828BD8610}.Release|x64.Build.0 = Release|Any CPU
		{5A95BA7A-629D-48EE-988C-B75828BD8610}.Release|x86.ActiveCfg = Release|Any CPU
		{5A95BA7A-629D-48EE-988C-B75828BD8610}.Release|x86.Build.0 = Release|Any CPU
		{00459DDC-F2A7-4BB0-BED6-82C24344F8D2}.Debug|Any CPU.ActiveCfg = Debug|Any CPU
		{00459DDC-F2A7-4BB0-BED6-82C24344F8D2}.Debug|Any CPU.Build.0 = Debug|Any CPU
		{00459DDC-F2A7-4BB0-BED6-82C24344F8D2}.Debug|x64.ActiveCfg = Debug|Any CPU
		{00459DDC-F2A7-4BB0-BED6-82C24344F8D2}.Debug|x64.Build.0 = Debug|Any CPU
		{00459DDC-F2A7-4BB0-BED6-82C24344F8D2}.Debug|x86.ActiveCfg = Debug|Any CPU
		{00459DDC-F2A7-4BB0-BED6-82C24344F8D2}.Debug|x86.Build.0 = Debug|Any CPU
		{00459DDC-F2A7-4BB0-BED6-82C24344F8D2}.Release|Any CPU.ActiveCfg = Release|Any CPU
		{00459DDC-F2A7-4BB0-BED6-82C24344F8D2}.Release|Any CPU.Build.0 = Release|Any CPU
		{00459DDC-F2A7-4BB0-BED6-82C24344F8D2}.Release|x64.ActiveCfg = Release|Any CPU
		{00459DDC-F2A7-4BB0-BED6-82C24344F8D2}.Release|x64.Build.0 = Release|Any CPU
		{00459DDC-F2A7-4BB0-BED6-82C24344F8D2}.Release|x86.ActiveCfg = Release|Any CPU
		{00459DDC-F2A7-4BB0-BED6-82C24344F8D2}.Release|x86.Build.0 = Release|Any CPU
		{C4B3F9E7-FA53-4427-93B7-34484BDA35A6}.Debug|Any CPU.ActiveCfg = Debug|Any CPU
		{C4B3F9E7-FA53-4427-93B7-34484BDA35A6}.Debug|Any CPU.Build.0 = Debug|Any CPU
		{C4B3F9E7-FA53-4427-93B7-34484BDA35A6}.Debug|x64.ActiveCfg = Debug|Any CPU
		{C4B3F9E7-FA53-4427-93B7-34484BDA35A6}.Debug|x64.Build.0 = Debug|Any CPU
		{C4B3F9E7-FA53-4427-93B7-34484BDA35A6}.Debug|x86.ActiveCfg = Debug|Any CPU
		{C4B3F9E7-FA53-4427-93B7-34484BDA35A6}.Debug|x86.Build.0 = Debug|Any CPU
		{C4B3F9E7-FA53-4427-93B7-34484BDA35A6}.Release|Any CPU.ActiveCfg = Release|Any CPU
		{C4B3F9E7-FA53-4427-93B7-34484BDA35A6}.Release|Any CPU.Build.0 = Release|Any CPU
		{C4B3F9E7-FA53-4427-93B7-34484BDA35A6}.Release|x64.ActiveCfg = Release|Any CPU
		{C4B3F9E7-FA53-4427-93B7-34484BDA35A6}.Release|x64.Build.0 = Release|Any CPU
		{C4B3F9E7-FA53-4427-93B7-34484BDA35A6}.Release|x86.ActiveCfg = Release|Any CPU
		{C4B3F9E7-FA53-4427-93B7-34484BDA35A6}.Release|x86.Build.0 = Release|Any CPU
		{20C96098-F8A1-475B-9139-CEC7C1343FF4}.Debug|Any CPU.ActiveCfg = Debug|Any CPU
		{20C96098-F8A1-475B-9139-CEC7C1343FF4}.Debug|Any CPU.Build.0 = Debug|Any CPU
		{20C96098-F8A1-475B-9139-CEC7C1343FF4}.Debug|x64.ActiveCfg = Debug|Any CPU
		{20C96098-F8A1-475B-9139-CEC7C1343FF4}.Debug|x64.Build.0 = Debug|Any CPU
		{20C96098-F8A1-475B-9139-CEC7C1343FF4}.Debug|x86.ActiveCfg = Debug|Any CPU
		{20C96098-F8A1-475B-9139-CEC7C1343FF4}.Debug|x86.Build.0 = Debug|Any CPU
		{20C96098-F8A1-475B-9139-CEC7C1343FF4}.Release|Any CPU.ActiveCfg = Release|Any CPU
		{20C96098-F8A1-475B-9139-CEC7C1343FF4}.Release|Any CPU.Build.0 = Release|Any CPU
		{20C96098-F8A1-475B-9139-CEC7C1343FF4}.Release|x64.ActiveCfg = Release|Any CPU
		{20C96098-F8A1-475B-9139-CEC7C1343FF4}.Release|x64.Build.0 = Release|Any CPU
		{20C96098-F8A1-475B-9139-CEC7C1343FF4}.Release|x86.ActiveCfg = Release|Any CPU
		{20C96098-F8A1-475B-9139-CEC7C1343FF4}.Release|x86.Build.0 = Release|Any CPU
		{82C1B08A-4312-429D-A888-078BB893A52E}.Debug|Any CPU.ActiveCfg = Debug|Any CPU
		{82C1B08A-4312-429D-A888-078BB893A52E}.Debug|Any CPU.Build.0 = Debug|Any CPU
		{82C1B08A-4312-429D-A888-078BB893A52E}.Debug|x64.ActiveCfg = Debug|Any CPU
		{82C1B08A-4312-429D-A888-078BB893A52E}.Debug|x64.Build.0 = Debug|Any CPU
		{82C1B08A-4312-429D-A888-078BB893A52E}.Debug|x86.ActiveCfg = Debug|Any CPU
		{82C1B08A-4312-429D-A888-078BB893A52E}.Debug|x86.Build.0 = Debug|Any CPU
		{82C1B08A-4312-429D-A888-078BB893A52E}.Release|Any CPU.ActiveCfg = Release|Any CPU
		{82C1B08A-4312-429D-A888-078BB893A52E}.Release|Any CPU.Build.0 = Release|Any CPU
		{82C1B08A-4312-429D-A888-078BB893A52E}.Release|x64.ActiveCfg = Release|Any CPU
		{82C1B08A-4312-429D-A888-078BB893A52E}.Release|x64.Build.0 = Release|Any CPU
		{82C1B08A-4312-429D-A888-078BB893A52E}.Release|x86.ActiveCfg = Release|Any CPU
		{82C1B08A-4312-429D-A888-078BB893A52E}.Release|x86.Build.0 = Release|Any CPU
		{1014E1FE-30A6-4E5F-AB61-027171BCA5B2}.Debug|Any CPU.ActiveCfg = Debug|Any CPU
		{1014E1FE-30A6-4E5F-AB61-027171BCA5B2}.Debug|Any CPU.Build.0 = Debug|Any CPU
		{1014E1FE-30A6-4E5F-AB61-027171BCA5B2}.Debug|x64.ActiveCfg = Debug|Any CPU
		{1014E1FE-30A6-4E5F-AB61-027171BCA5B2}.Debug|x64.Build.0 = Debug|Any CPU
		{1014E1FE-30A6-4E5F-AB61-027171BCA5B2}.Debug|x86.ActiveCfg = Debug|Any CPU
		{1014E1FE-30A6-4E5F-AB61-027171BCA5B2}.Debug|x86.Build.0 = Debug|Any CPU
		{1014E1FE-30A6-4E5F-AB61-027171BCA5B2}.Release|Any CPU.ActiveCfg = Release|Any CPU
		{1014E1FE-30A6-4E5F-AB61-027171BCA5B2}.Release|Any CPU.Build.0 = Release|Any CPU
		{1014E1FE-30A6-4E5F-AB61-027171BCA5B2}.Release|x64.ActiveCfg = Release|Any CPU
		{1014E1FE-30A6-4E5F-AB61-027171BCA5B2}.Release|x64.Build.0 = Release|Any CPU
		{1014E1FE-30A6-4E5F-AB61-027171BCA5B2}.Release|x86.ActiveCfg = Release|Any CPU
		{1014E1FE-30A6-4E5F-AB61-027171BCA5B2}.Release|x86.Build.0 = Release|Any CPU
		{50235BD6-5EFF-43EE-A405-0869FE898174}.Debug|Any CPU.ActiveCfg = Debug|Any CPU
		{50235BD6-5EFF-43EE-A405-0869FE898174}.Debug|Any CPU.Build.0 = Debug|Any CPU
		{50235BD6-5EFF-43EE-A405-0869FE898174}.Debug|x64.ActiveCfg = Debug|Any CPU
		{50235BD6-5EFF-43EE-A405-0869FE898174}.Debug|x64.Build.0 = Debug|Any CPU
		{50235BD6-5EFF-43EE-A405-0869FE898174}.Debug|x86.ActiveCfg = Debug|Any CPU
		{50235BD6-5EFF-43EE-A405-0869FE898174}.Debug|x86.Build.0 = Debug|Any CPU
		{50235BD6-5EFF-43EE-A405-0869FE898174}.Release|Any CPU.ActiveCfg = Release|Any CPU
		{50235BD6-5EFF-43EE-A405-0869FE898174}.Release|Any CPU.Build.0 = Release|Any CPU
		{50235BD6-5EFF-43EE-A405-0869FE898174}.Release|x64.ActiveCfg = Release|Any CPU
		{50235BD6-5EFF-43EE-A405-0869FE898174}.Release|x64.Build.0 = Release|Any CPU
		{50235BD6-5EFF-43EE-A405-0869FE898174}.Release|x86.ActiveCfg = Release|Any CPU
		{50235BD6-5EFF-43EE-A405-0869FE898174}.Release|x86.Build.0 = Release|Any CPU
		{849D72DB-8A7F-4504-A447-742BD40825F2}.Debug|Any CPU.ActiveCfg = Debug|Any CPU
		{849D72DB-8A7F-4504-A447-742BD40825F2}.Debug|Any CPU.Build.0 = Debug|Any CPU
		{849D72DB-8A7F-4504-A447-742BD40825F2}.Debug|x64.ActiveCfg = Debug|Any CPU
		{849D72DB-8A7F-4504-A447-742BD40825F2}.Debug|x64.Build.0 = Debug|Any CPU
		{849D72DB-8A7F-4504-A447-742BD40825F2}.Debug|x86.ActiveCfg = Debug|Any CPU
		{849D72DB-8A7F-4504-A447-742BD40825F2}.Debug|x86.Build.0 = Debug|Any CPU
		{849D72DB-8A7F-4504-A447-742BD40825F2}.Release|Any CPU.ActiveCfg = Release|Any CPU
		{849D72DB-8A7F-4504-A447-742BD40825F2}.Release|Any CPU.Build.0 = Release|Any CPU
		{849D72DB-8A7F-4504-A447-742BD40825F2}.Release|x64.ActiveCfg = Release|Any CPU
		{849D72DB-8A7F-4504-A447-742BD40825F2}.Release|x64.Build.0 = Release|Any CPU
		{849D72DB-8A7F-4504-A447-742BD40825F2}.Release|x86.ActiveCfg = Release|Any CPU
		{849D72DB-8A7F-4504-A447-742BD40825F2}.Release|x86.Build.0 = Release|Any CPU
		{CFBA56A1-2B77-4E33-AFBA-54DD9B1BA98B}.Debug|Any CPU.ActiveCfg = Debug|Any CPU
		{CFBA56A1-2B77-4E33-AFBA-54DD9B1BA98B}.Debug|Any CPU.Build.0 = Debug|Any CPU
		{CFBA56A1-2B77-4E33-AFBA-54DD9B1BA98B}.Debug|x64.ActiveCfg = Debug|Any CPU
		{CFBA56A1-2B77-4E33-AFBA-54DD9B1BA98B}.Debug|x64.Build.0 = Debug|Any CPU
		{CFBA56A1-2B77-4E33-AFBA-54DD9B1BA98B}.Debug|x86.ActiveCfg = Debug|Any CPU
		{CFBA56A1-2B77-4E33-AFBA-54DD9B1BA98B}.Debug|x86.Build.0 = Debug|Any CPU
		{CFBA56A1-2B77-4E33-AFBA-54DD9B1BA98B}.Release|Any CPU.ActiveCfg = Release|Any CPU
		{CFBA56A1-2B77-4E33-AFBA-54DD9B1BA98B}.Release|Any CPU.Build.0 = Release|Any CPU
		{CFBA56A1-2B77-4E33-AFBA-54DD9B1BA98B}.Release|x64.ActiveCfg = Release|Any CPU
		{CFBA56A1-2B77-4E33-AFBA-54DD9B1BA98B}.Release|x64.Build.0 = Release|Any CPU
		{CFBA56A1-2B77-4E33-AFBA-54DD9B1BA98B}.Release|x86.ActiveCfg = Release|Any CPU
		{CFBA56A1-2B77-4E33-AFBA-54DD9B1BA98B}.Release|x86.Build.0 = Release|Any CPU
		{316CF6A7-A0BB-479D-A656-71F5EE22C7C8}.Debug|Any CPU.ActiveCfg = Debug|Any CPU
		{316CF6A7-A0BB-479D-A656-71F5EE22C7C8}.Debug|Any CPU.Build.0 = Debug|Any CPU
		{316CF6A7-A0BB-479D-A656-71F5EE22C7C8}.Debug|x64.ActiveCfg = Debug|Any CPU
		{316CF6A7-A0BB-479D-A656-71F5EE22C7C8}.Debug|x64.Build.0 = Debug|Any CPU
		{316CF6A7-A0BB-479D-A656-71F5EE22C7C8}.Debug|x86.ActiveCfg = Debug|Any CPU
		{316CF6A7-A0BB-479D-A656-71F5EE22C7C8}.Debug|x86.Build.0 = Debug|Any CPU
		{316CF6A7-A0BB-479D-A656-71F5EE22C7C8}.Release|Any CPU.ActiveCfg = Release|Any CPU
		{316CF6A7-A0BB-479D-A656-71F5EE22C7C8}.Release|Any CPU.Build.0 = Release|Any CPU
		{316CF6A7-A0BB-479D-A656-71F5EE22C7C8}.Release|x64.ActiveCfg = Release|Any CPU
		{316CF6A7-A0BB-479D-A656-71F5EE22C7C8}.Release|x64.Build.0 = Release|Any CPU
		{316CF6A7-A0BB-479D-A656-71F5EE22C7C8}.Release|x86.ActiveCfg = Release|Any CPU
		{316CF6A7-A0BB-479D-A656-71F5EE22C7C8}.Release|x86.Build.0 = Release|Any CPU
		{C638F06C-C489-42B4-8F8C-54B864F11F0C}.Debug|Any CPU.ActiveCfg = Debug|Any CPU
		{C638F06C-C489-42B4-8F8C-54B864F11F0C}.Debug|Any CPU.Build.0 = Debug|Any CPU
		{C638F06C-C489-42B4-8F8C-54B864F11F0C}.Debug|x64.ActiveCfg = Debug|Any CPU
		{C638F06C-C489-42B4-8F8C-54B864F11F0C}.Debug|x64.Build.0 = Debug|Any CPU
		{C638F06C-C489-42B4-8F8C-54B864F11F0C}.Debug|x86.ActiveCfg = Debug|Any CPU
		{C638F06C-C489-42B4-8F8C-54B864F11F0C}.Debug|x86.Build.0 = Debug|Any CPU
		{C638F06C-C489-42B4-8F8C-54B864F11F0C}.Release|Any CPU.ActiveCfg = Release|Any CPU
		{C638F06C-C489-42B4-8F8C-54B864F11F0C}.Release|Any CPU.Build.0 = Release|Any CPU
		{C638F06C-C489-42B4-8F8C-54B864F11F0C}.Release|x64.ActiveCfg = Release|Any CPU
		{C638F06C-C489-42B4-8F8C-54B864F11F0C}.Release|x64.Build.0 = Release|Any CPU
		{C638F06C-C489-42B4-8F8C-54B864F11F0C}.Release|x86.ActiveCfg = Release|Any CPU
		{C638F06C-C489-42B4-8F8C-54B864F11F0C}.Release|x86.Build.0 = Release|Any CPU
		{11728621-44B4-4FAA-985B-147F12CA5E48}.Debug|Any CPU.ActiveCfg = Debug|Any CPU
		{11728621-44B4-4FAA-985B-147F12CA5E48}.Debug|Any CPU.Build.0 = Debug|Any CPU
		{11728621-44B4-4FAA-985B-147F12CA5E48}.Debug|x64.ActiveCfg = Debug|Any CPU
		{11728621-44B4-4FAA-985B-147F12CA5E48}.Debug|x64.Build.0 = Debug|Any CPU
		{11728621-44B4-4FAA-985B-147F12CA5E48}.Debug|x86.ActiveCfg = Debug|Any CPU
		{11728621-44B4-4FAA-985B-147F12CA5E48}.Debug|x86.Build.0 = Debug|Any CPU
		{11728621-44B4-4FAA-985B-147F12CA5E48}.Release|Any CPU.ActiveCfg = Release|Any CPU
		{11728621-44B4-4FAA-985B-147F12CA5E48}.Release|Any CPU.Build.0 = Release|Any CPU
		{11728621-44B4-4FAA-985B-147F12CA5E48}.Release|x64.ActiveCfg = Release|Any CPU
		{11728621-44B4-4FAA-985B-147F12CA5E48}.Release|x64.Build.0 = Release|Any CPU
		{11728621-44B4-4FAA-985B-147F12CA5E48}.Release|x86.ActiveCfg = Release|Any CPU
		{11728621-44B4-4FAA-985B-147F12CA5E48}.Release|x86.Build.0 = Release|Any CPU
		{6C847135-CA1C-4973-B791-4F51DA4B88BB}.Debug|Any CPU.ActiveCfg = Debug|Any CPU
		{6C847135-CA1C-4973-B791-4F51DA4B88BB}.Debug|Any CPU.Build.0 = Debug|Any CPU
		{6C847135-CA1C-4973-B791-4F51DA4B88BB}.Debug|x64.ActiveCfg = Debug|Any CPU
		{6C847135-CA1C-4973-B791-4F51DA4B88BB}.Debug|x64.Build.0 = Debug|Any CPU
		{6C847135-CA1C-4973-B791-4F51DA4B88BB}.Debug|x86.ActiveCfg = Debug|Any CPU
		{6C847135-CA1C-4973-B791-4F51DA4B88BB}.Debug|x86.Build.0 = Debug|Any CPU
		{6C847135-CA1C-4973-B791-4F51DA4B88BB}.Release|Any CPU.ActiveCfg = Release|Any CPU
		{6C847135-CA1C-4973-B791-4F51DA4B88BB}.Release|Any CPU.Build.0 = Release|Any CPU
		{6C847135-CA1C-4973-B791-4F51DA4B88BB}.Release|x64.ActiveCfg = Release|Any CPU
		{6C847135-CA1C-4973-B791-4F51DA4B88BB}.Release|x64.Build.0 = Release|Any CPU
		{6C847135-CA1C-4973-B791-4F51DA4B88BB}.Release|x86.ActiveCfg = Release|Any CPU
		{6C847135-CA1C-4973-B791-4F51DA4B88BB}.Release|x86.Build.0 = Release|Any CPU
		{38A00997-F6C6-4D98-B842-3FC19E999B13}.Debug|Any CPU.ActiveCfg = Debug|Any CPU
		{38A00997-F6C6-4D98-B842-3FC19E999B13}.Debug|Any CPU.Build.0 = Debug|Any CPU
		{38A00997-F6C6-4D98-B842-3FC19E999B13}.Debug|x64.ActiveCfg = Debug|Any CPU
		{38A00997-F6C6-4D98-B842-3FC19E999B13}.Debug|x64.Build.0 = Debug|Any CPU
		{38A00997-F6C6-4D98-B842-3FC19E999B13}.Debug|x86.ActiveCfg = Debug|Any CPU
		{38A00997-F6C6-4D98-B842-3FC19E999B13}.Debug|x86.Build.0 = Debug|Any CPU
		{38A00997-F6C6-4D98-B842-3FC19E999B13}.Release|Any CPU.ActiveCfg = Release|Any CPU
		{38A00997-F6C6-4D98-B842-3FC19E999B13}.Release|Any CPU.Build.0 = Release|Any CPU
		{38A00997-F6C6-4D98-B842-3FC19E999B13}.Release|x64.ActiveCfg = Release|Any CPU
		{38A00997-F6C6-4D98-B842-3FC19E999B13}.Release|x64.Build.0 = Release|Any CPU
		{38A00997-F6C6-4D98-B842-3FC19E999B13}.Release|x86.ActiveCfg = Release|Any CPU
		{38A00997-F6C6-4D98-B842-3FC19E999B13}.Release|x86.Build.0 = Release|Any CPU
		{E480FD02-8D84-4950-BBCC-5E20893B4037}.Debug|Any CPU.ActiveCfg = Debug|Any CPU
		{E480FD02-8D84-4950-BBCC-5E20893B4037}.Debug|Any CPU.Build.0 = Debug|Any CPU
		{E480FD02-8D84-4950-BBCC-5E20893B4037}.Debug|x64.ActiveCfg = Debug|Any CPU
		{E480FD02-8D84-4950-BBCC-5E20893B4037}.Debug|x64.Build.0 = Debug|Any CPU
		{E480FD02-8D84-4950-BBCC-5E20893B4037}.Debug|x86.ActiveCfg = Debug|Any CPU
		{E480FD02-8D84-4950-BBCC-5E20893B4037}.Debug|x86.Build.0 = Debug|Any CPU
		{E480FD02-8D84-4950-BBCC-5E20893B4037}.Release|Any CPU.ActiveCfg = Release|Any CPU
		{E480FD02-8D84-4950-BBCC-5E20893B4037}.Release|Any CPU.Build.0 = Release|Any CPU
		{E480FD02-8D84-4950-BBCC-5E20893B4037}.Release|x64.ActiveCfg = Release|Any CPU
		{E480FD02-8D84-4950-BBCC-5E20893B4037}.Release|x64.Build.0 = Release|Any CPU
		{E480FD02-8D84-4950-BBCC-5E20893B4037}.Release|x86.ActiveCfg = Release|Any CPU
		{E480FD02-8D84-4950-BBCC-5E20893B4037}.Release|x86.Build.0 = Release|Any CPU
		{AC77FD21-B4F1-4BCC-8524-217CC96D2C7B}.Debug|Any CPU.ActiveCfg = Debug|Any CPU
		{AC77FD21-B4F1-4BCC-8524-217CC96D2C7B}.Debug|Any CPU.Build.0 = Debug|Any CPU
		{AC77FD21-B4F1-4BCC-8524-217CC96D2C7B}.Debug|x64.ActiveCfg = Debug|Any CPU
		{AC77FD21-B4F1-4BCC-8524-217CC96D2C7B}.Debug|x64.Build.0 = Debug|Any CPU
		{AC77FD21-B4F1-4BCC-8524-217CC96D2C7B}.Debug|x86.ActiveCfg = Debug|Any CPU
		{AC77FD21-B4F1-4BCC-8524-217CC96D2C7B}.Debug|x86.Build.0 = Debug|Any CPU
		{AC77FD21-B4F1-4BCC-8524-217CC96D2C7B}.Release|Any CPU.ActiveCfg = Release|Any CPU
		{AC77FD21-B4F1-4BCC-8524-217CC96D2C7B}.Release|Any CPU.Build.0 = Release|Any CPU
		{AC77FD21-B4F1-4BCC-8524-217CC96D2C7B}.Release|x64.ActiveCfg = Release|Any CPU
		{AC77FD21-B4F1-4BCC-8524-217CC96D2C7B}.Release|x64.Build.0 = Release|Any CPU
		{AC77FD21-B4F1-4BCC-8524-217CC96D2C7B}.Release|x86.ActiveCfg = Release|Any CPU
		{AC77FD21-B4F1-4BCC-8524-217CC96D2C7B}.Release|x86.Build.0 = Release|Any CPU
		{F9A31E0C-1C93-4464-969B-3052E0686EAA}.Debug|Any CPU.ActiveCfg = Debug|Any CPU
		{F9A31E0C-1C93-4464-969B-3052E0686EAA}.Debug|Any CPU.Build.0 = Debug|Any CPU
		{F9A31E0C-1C93-4464-969B-3052E0686EAA}.Debug|x64.ActiveCfg = Debug|Any CPU
		{F9A31E0C-1C93-4464-969B-3052E0686EAA}.Debug|x64.Build.0 = Debug|Any CPU
		{F9A31E0C-1C93-4464-969B-3052E0686EAA}.Debug|x86.ActiveCfg = Debug|Any CPU
		{F9A31E0C-1C93-4464-969B-3052E0686EAA}.Debug|x86.Build.0 = Debug|Any CPU
		{F9A31E0C-1C93-4464-969B-3052E0686EAA}.Release|Any CPU.ActiveCfg = Release|Any CPU
		{F9A31E0C-1C93-4464-969B-3052E0686EAA}.Release|Any CPU.Build.0 = Release|Any CPU
		{F9A31E0C-1C93-4464-969B-3052E0686EAA}.Release|x64.ActiveCfg = Release|Any CPU
		{F9A31E0C-1C93-4464-969B-3052E0686EAA}.Release|x64.Build.0 = Release|Any CPU
		{F9A31E0C-1C93-4464-969B-3052E0686EAA}.Release|x86.ActiveCfg = Release|Any CPU
		{F9A31E0C-1C93-4464-969B-3052E0686EAA}.Release|x86.Build.0 = Release|Any CPU
		{C9812129-852C-4A84-95CC-73EF4C2A7A3B}.Debug|Any CPU.ActiveCfg = Debug|Any CPU
		{C9812129-852C-4A84-95CC-73EF4C2A7A3B}.Debug|Any CPU.Build.0 = Debug|Any CPU
		{C9812129-852C-4A84-95CC-73EF4C2A7A3B}.Debug|x64.ActiveCfg = Debug|Any CPU
		{C9812129-852C-4A84-95CC-73EF4C2A7A3B}.Debug|x64.Build.0 = Debug|Any CPU
		{C9812129-852C-4A84-95CC-73EF4C2A7A3B}.Debug|x86.ActiveCfg = Debug|Any CPU
		{C9812129-852C-4A84-95CC-73EF4C2A7A3B}.Debug|x86.Build.0 = Debug|Any CPU
		{C9812129-852C-4A84-95CC-73EF4C2A7A3B}.Release|Any CPU.ActiveCfg = Release|Any CPU
		{C9812129-852C-4A84-95CC-73EF4C2A7A3B}.Release|Any CPU.Build.0 = Release|Any CPU
		{C9812129-852C-4A84-95CC-73EF4C2A7A3B}.Release|x64.ActiveCfg = Release|Any CPU
		{C9812129-852C-4A84-95CC-73EF4C2A7A3B}.Release|x64.Build.0 = Release|Any CPU
		{C9812129-852C-4A84-95CC-73EF4C2A7A3B}.Release|x86.ActiveCfg = Release|Any CPU
		{C9812129-852C-4A84-95CC-73EF4C2A7A3B}.Release|x86.Build.0 = Release|Any CPU
		{669A2580-59C0-4596-8FDE-E1AA4F71AFDB}.Debug|Any CPU.ActiveCfg = Debug|Any CPU
		{669A2580-59C0-4596-8FDE-E1AA4F71AFDB}.Debug|Any CPU.Build.0 = Debug|Any CPU
		{669A2580-59C0-4596-8FDE-E1AA4F71AFDB}.Debug|x64.ActiveCfg = Debug|Any CPU
		{669A2580-59C0-4596-8FDE-E1AA4F71AFDB}.Debug|x64.Build.0 = Debug|Any CPU
		{669A2580-59C0-4596-8FDE-E1AA4F71AFDB}.Debug|x86.ActiveCfg = Debug|Any CPU
		{669A2580-59C0-4596-8FDE-E1AA4F71AFDB}.Debug|x86.Build.0 = Debug|Any CPU
		{669A2580-59C0-4596-8FDE-E1AA4F71AFDB}.Release|Any CPU.ActiveCfg = Release|Any CPU
		{669A2580-59C0-4596-8FDE-E1AA4F71AFDB}.Release|Any CPU.Build.0 = Release|Any CPU
		{669A2580-59C0-4596-8FDE-E1AA4F71AFDB}.Release|x64.ActiveCfg = Release|Any CPU
		{669A2580-59C0-4596-8FDE-E1AA4F71AFDB}.Release|x64.Build.0 = Release|Any CPU
		{669A2580-59C0-4596-8FDE-E1AA4F71AFDB}.Release|x86.ActiveCfg = Release|Any CPU
		{669A2580-59C0-4596-8FDE-E1AA4F71AFDB}.Release|x86.Build.0 = Release|Any CPU
		{F167B74C-19D5-4439-B3B4-BA2054D416B7}.Debug|Any CPU.ActiveCfg = Debug|Any CPU
		{F167B74C-19D5-4439-B3B4-BA2054D416B7}.Debug|Any CPU.Build.0 = Debug|Any CPU
		{F167B74C-19D5-4439-B3B4-BA2054D416B7}.Debug|x64.ActiveCfg = Debug|Any CPU
		{F167B74C-19D5-4439-B3B4-BA2054D416B7}.Debug|x64.Build.0 = Debug|Any CPU
		{F167B74C-19D5-4439-B3B4-BA2054D416B7}.Debug|x86.ActiveCfg = Debug|Any CPU
		{F167B74C-19D5-4439-B3B4-BA2054D416B7}.Debug|x86.Build.0 = Debug|Any CPU
		{F167B74C-19D5-4439-B3B4-BA2054D416B7}.Release|Any CPU.ActiveCfg = Release|Any CPU
		{F167B74C-19D5-4439-B3B4-BA2054D416B7}.Release|Any CPU.Build.0 = Release|Any CPU
		{F167B74C-19D5-4439-B3B4-BA2054D416B7}.Release|x64.ActiveCfg = Release|Any CPU
		{F167B74C-19D5-4439-B3B4-BA2054D416B7}.Release|x64.Build.0 = Release|Any CPU
		{F167B74C-19D5-4439-B3B4-BA2054D416B7}.Release|x86.ActiveCfg = Release|Any CPU
		{F167B74C-19D5-4439-B3B4-BA2054D416B7}.Release|x86.Build.0 = Release|Any CPU
		{6245C1AB-C89F-46D9-B36A-727FDB983347}.Debug|Any CPU.ActiveCfg = Debug|Any CPU
		{6245C1AB-C89F-46D9-B36A-727FDB983347}.Debug|Any CPU.Build.0 = Debug|Any CPU
		{6245C1AB-C89F-46D9-B36A-727FDB983347}.Debug|x64.ActiveCfg = Debug|Any CPU
		{6245C1AB-C89F-46D9-B36A-727FDB983347}.Debug|x64.Build.0 = Debug|Any CPU
		{6245C1AB-C89F-46D9-B36A-727FDB983347}.Debug|x86.ActiveCfg = Debug|Any CPU
		{6245C1AB-C89F-46D9-B36A-727FDB983347}.Debug|x86.Build.0 = Debug|Any CPU
		{6245C1AB-C89F-46D9-B36A-727FDB983347}.Release|Any CPU.ActiveCfg = Release|Any CPU
		{6245C1AB-C89F-46D9-B36A-727FDB983347}.Release|Any CPU.Build.0 = Release|Any CPU
		{6245C1AB-C89F-46D9-B36A-727FDB983347}.Release|x64.ActiveCfg = Release|Any CPU
		{6245C1AB-C89F-46D9-B36A-727FDB983347}.Release|x64.Build.0 = Release|Any CPU
		{6245C1AB-C89F-46D9-B36A-727FDB983347}.Release|x86.ActiveCfg = Release|Any CPU
		{6245C1AB-C89F-46D9-B36A-727FDB983347}.Release|x86.Build.0 = Release|Any CPU
		{26C02A5B-0340-4632-8789-9DC7AD1867CF}.Debug|Any CPU.ActiveCfg = Debug|Any CPU
		{26C02A5B-0340-4632-8789-9DC7AD1867CF}.Debug|Any CPU.Build.0 = Debug|Any CPU
		{26C02A5B-0340-4632-8789-9DC7AD1867CF}.Debug|x64.ActiveCfg = Debug|Any CPU
		{26C02A5B-0340-4632-8789-9DC7AD1867CF}.Debug|x64.Build.0 = Debug|Any CPU
		{26C02A5B-0340-4632-8789-9DC7AD1867CF}.Debug|x86.ActiveCfg = Debug|Any CPU
		{26C02A5B-0340-4632-8789-9DC7AD1867CF}.Debug|x86.Build.0 = Debug|Any CPU
		{26C02A5B-0340-4632-8789-9DC7AD1867CF}.Release|Any CPU.ActiveCfg = Release|Any CPU
		{26C02A5B-0340-4632-8789-9DC7AD1867CF}.Release|Any CPU.Build.0 = Release|Any CPU
		{26C02A5B-0340-4632-8789-9DC7AD1867CF}.Release|x64.ActiveCfg = Release|Any CPU
		{26C02A5B-0340-4632-8789-9DC7AD1867CF}.Release|x64.Build.0 = Release|Any CPU
		{26C02A5B-0340-4632-8789-9DC7AD1867CF}.Release|x86.ActiveCfg = Release|Any CPU
		{26C02A5B-0340-4632-8789-9DC7AD1867CF}.Release|x86.Build.0 = Release|Any CPU
		{CDB88A6A-07FF-4DB9-A4D3-A5092C77269B}.Debug|Any CPU.ActiveCfg = Debug|Any CPU
		{CDB88A6A-07FF-4DB9-A4D3-A5092C77269B}.Debug|Any CPU.Build.0 = Debug|Any CPU
		{CDB88A6A-07FF-4DB9-A4D3-A5092C77269B}.Debug|x64.ActiveCfg = Debug|Any CPU
		{CDB88A6A-07FF-4DB9-A4D3-A5092C77269B}.Debug|x64.Build.0 = Debug|Any CPU
		{CDB88A6A-07FF-4DB9-A4D3-A5092C77269B}.Debug|x86.ActiveCfg = Debug|Any CPU
		{CDB88A6A-07FF-4DB9-A4D3-A5092C77269B}.Debug|x86.Build.0 = Debug|Any CPU
		{CDB88A6A-07FF-4DB9-A4D3-A5092C77269B}.Release|Any CPU.ActiveCfg = Release|Any CPU
		{CDB88A6A-07FF-4DB9-A4D3-A5092C77269B}.Release|Any CPU.Build.0 = Release|Any CPU
		{CDB88A6A-07FF-4DB9-A4D3-A5092C77269B}.Release|x64.ActiveCfg = Release|Any CPU
		{CDB88A6A-07FF-4DB9-A4D3-A5092C77269B}.Release|x64.Build.0 = Release|Any CPU
		{CDB88A6A-07FF-4DB9-A4D3-A5092C77269B}.Release|x86.ActiveCfg = Release|Any CPU
		{CDB88A6A-07FF-4DB9-A4D3-A5092C77269B}.Release|x86.Build.0 = Release|Any CPU
		{9553529B-9632-4095-BC0D-66DB93370DE0}.Debug|Any CPU.ActiveCfg = Debug|Any CPU
		{9553529B-9632-4095-BC0D-66DB93370DE0}.Debug|Any CPU.Build.0 = Debug|Any CPU
		{9553529B-9632-4095-BC0D-66DB93370DE0}.Debug|x64.ActiveCfg = Debug|Any CPU
		{9553529B-9632-4095-BC0D-66DB93370DE0}.Debug|x64.Build.0 = Debug|Any CPU
		{9553529B-9632-4095-BC0D-66DB93370DE0}.Debug|x86.ActiveCfg = Debug|Any CPU
		{9553529B-9632-4095-BC0D-66DB93370DE0}.Debug|x86.Build.0 = Debug|Any CPU
		{9553529B-9632-4095-BC0D-66DB93370DE0}.Release|Any CPU.ActiveCfg = Release|Any CPU
		{9553529B-9632-4095-BC0D-66DB93370DE0}.Release|Any CPU.Build.0 = Release|Any CPU
		{9553529B-9632-4095-BC0D-66DB93370DE0}.Release|x64.ActiveCfg = Release|Any CPU
		{9553529B-9632-4095-BC0D-66DB93370DE0}.Release|x64.Build.0 = Release|Any CPU
		{9553529B-9632-4095-BC0D-66DB93370DE0}.Release|x86.ActiveCfg = Release|Any CPU
		{9553529B-9632-4095-BC0D-66DB93370DE0}.Release|x86.Build.0 = Release|Any CPU
	EndGlobalSection
	GlobalSection(SolutionProperties) = preSolution
		HideSolutionNode = FALSE
	EndGlobalSection
	GlobalSection(NestedProjects) = preSolution
		{AAE4D839-79DD-409E-A325-8FFB527AE1D1} = {CEC91D22-0825-4CCF-BF0E-13ED88FB6D6B}
		{52299898-FC40-4A28-8345-25B83C41AAF2} = {D6FB3CE7-E596-41C6-A4ED-2717F10DD24F}
		{976B9D7B-DDD7-4A52-B386-036BDB723765} = {D6FB3CE7-E596-41C6-A4ED-2717F10DD24F}
		{32DEC8DB-A8BF-47D3-8A93-64775B304559} = {976B9D7B-DDD7-4A52-B386-036BDB723765}
		{0D89453A-6723-4EBA-A9A0-B79BF425677D} = {976B9D7B-DDD7-4A52-B386-036BDB723765}
		{CDE3863D-A970-4FE9-8184-7D6564531A32} = {976B9D7B-DDD7-4A52-B386-036BDB723765}
		{7755B927-FFDF-47D2-A371-08D0009A22E1} = {976B9D7B-DDD7-4A52-B386-036BDB723765}
		{5A95BA7A-629D-48EE-988C-B75828BD8610} = {976B9D7B-DDD7-4A52-B386-036BDB723765}
		{00459DDC-F2A7-4BB0-BED6-82C24344F8D2} = {976B9D7B-DDD7-4A52-B386-036BDB723765}
		{C4B3F9E7-FA53-4427-93B7-34484BDA35A6} = {976B9D7B-DDD7-4A52-B386-036BDB723765}
		{20C96098-F8A1-475B-9139-CEC7C1343FF4} = {976B9D7B-DDD7-4A52-B386-036BDB723765}
		{82C1B08A-4312-429D-A888-078BB893A52E} = {976B9D7B-DDD7-4A52-B386-036BDB723765}
		{1014E1FE-30A6-4E5F-AB61-027171BCA5B2} = {9CAF2D6C-1E62-4F98-844F-07EFAAEEC5F4}
		{50235BD6-5EFF-43EE-A405-0869FE898174} = {9CAF2D6C-1E62-4F98-844F-07EFAAEEC5F4}
		{849D72DB-8A7F-4504-A447-742BD40825F2} = {9CAF2D6C-1E62-4F98-844F-07EFAAEEC5F4}
		{CFBA56A1-2B77-4E33-AFBA-54DD9B1BA98B} = {9CAF2D6C-1E62-4F98-844F-07EFAAEEC5F4}
		{316CF6A7-A0BB-479D-A656-71F5EE22C7C8} = {9CAF2D6C-1E62-4F98-844F-07EFAAEEC5F4}
		{C638F06C-C489-42B4-8F8C-54B864F11F0C} = {9CAF2D6C-1E62-4F98-844F-07EFAAEEC5F4}
		{11728621-44B4-4FAA-985B-147F12CA5E48} = {9CAF2D6C-1E62-4F98-844F-07EFAAEEC5F4}
		{6C847135-CA1C-4973-B791-4F51DA4B88BB} = {9CAF2D6C-1E62-4F98-844F-07EFAAEEC5F4}
		{38A00997-F6C6-4D98-B842-3FC19E999B13} = {9CAF2D6C-1E62-4F98-844F-07EFAAEEC5F4}
		{E480FD02-8D84-4950-BBCC-5E20893B4037} = {9CAF2D6C-1E62-4F98-844F-07EFAAEEC5F4}
		{AC77FD21-B4F1-4BCC-8524-217CC96D2C7B} = {9CAF2D6C-1E62-4F98-844F-07EFAAEEC5F4}
		{F9A31E0C-1C93-4464-969B-3052E0686EAA} = {CEC91D22-0825-4CCF-BF0E-13ED88FB6D6B}
		{B7A10ABF-1935-438D-B7C9-5E298FC727B8} = {55AA44C1-3863-4DA9-A6C5-F20C126E7428}
		{C9812129-852C-4A84-95CC-73EF4C2A7A3B} = {B7A10ABF-1935-438D-B7C9-5E298FC727B8}
		{669A2580-59C0-4596-8FDE-E1AA4F71AFDB} = {CEC91D22-0825-4CCF-BF0E-13ED88FB6D6B}
		{F167B74C-19D5-4439-B3B4-BA2054D416B7} = {CEC91D22-0825-4CCF-BF0E-13ED88FB6D6B}
		{6245C1AB-C89F-46D9-B36A-727FDB983347} = {CEC91D22-0825-4CCF-BF0E-13ED88FB6D6B}
		{26C02A5B-0340-4632-8789-9DC7AD1867CF} = {CEC91D22-0825-4CCF-BF0E-13ED88FB6D6B}
		{CDB88A6A-07FF-4DB9-A4D3-A5092C77269B} = {CEC91D22-0825-4CCF-BF0E-13ED88FB6D6B}
		{9553529B-9632-4095-BC0D-66DB93370DE0} = {CEC91D22-0825-4CCF-BF0E-13ED88FB6D6B}
	EndGlobalSection
	GlobalSection(ExtensibilityGlobals) = postSolution
		SolutionGuid = {4D25470F-FCE8-4F98-A5B0-BE1C68CFEE7D}
	EndGlobalSection
EndGlobal
